
Microsoft Visual Studio Solution File, Format Version 12.00
# Visual Studio 15
VisualStudioVersion = 15.0.27130.2020
MinimumVisualStudioVersion = 10.0.40219.1
Project("{8BC9CEB8-8B4A-11D0-8D11-00A0C91BC942}") = "Doodlebug", "Doodlebug\Doodlebug.vcxproj", "{1E571E83-2A70-4C4B-B805-F0C500D3D5A8}"
EndProject
Global
	GlobalSection(SolutionConfigurationPlatforms) = preSolution
		Debug|x64 = Debug|x64
		Debug|x86 = Debug|x86
		Release|x64 = Release|x64
		Release|x86 = Release|x86
	EndGlobalSection
	GlobalSection(ProjectConfigurationPlatforms) = postSolution
		{1E571E83-2A70-4C4B-B805-F0C500D3D5A8}.Debug|x64.ActiveCfg = Debug|x64
		{1E571E83-2A70-4C4B-B805-F0C500D3D5A8}.Debug|x64.Build.0 = Debug|x64
		{1E571E83-2A70-4C4B-B805-F0C500D3D5A8}.Debug|x86.ActiveCfg = Debug|Win32
		{1E571E83-2A70-4C4B-B805-F0C500D3D5A8}.Debug|x86.Build.0 = Debug|Win32
		{1E571E83-2A70-4C4B-B805-F0C500D3D5A8}.Release|x64.ActiveCfg = Release|x64
		{1E571E83-2A70-4C4B-B805-F0C500D3D5A8}.Release|x64.Build.0 = Release|x64
		{1E571E83-2A70-4C4B-B805-F0C500D3D5A8}.Release|x86.ActiveCfg = Release|Win32
		{1E571E83-2A70-4C4B-B805-F0C500D3D5A8}.Release|x86.Build.0 = Release|Win32
	EndGlobalSection
	GlobalSection(SolutionProperties) = preSolution
		HideSolutionNode = FALSE
	EndGlobalSection
	GlobalSection(ExtensibilityGlobals) = postSolution
		SolutionGuid = {6EEB92D1-6C56-4542-B99A-6D46A0CD7A1C}
	EndGlobalSection
EndGlobal
